
Microsoft Visual Studio Solution File, Format Version 12.00
# Visual Studio Version 16
VisualStudioVersion = 16.0.33529.622
MinimumVisualStudioVersion = 10.0.40219.1
Project("{FAE04EC0-301F-11D3-BF4B-00C04F79EFBC}") = "PaginasMuni", "PaginasMuni\PaginasMuni.csproj", "{8CC27571-4780-454B-B875-9C12456E118A}"
EndProject
Project("{FAE04EC0-301F-11D3-BF4B-00C04F79EFBC}") = "DAL", "DAL\DAL.csproj", "{40AACD34-86E5-47CE-B46A-B429FFBEC01A}"
EndProject
Project("{FAE04EC0-301F-11D3-BF4B-00C04F79EFBC}") = "Negocios", "Negocios\Negocios.csproj", "{E1A2464B-5194-4452-8738-F1095AC4B767}"
EndProject
Global
	GlobalSection(SolutionConfigurationPlatforms) = preSolution
		Debug|Any CPU = Debug|Any CPU
		Release|Any CPU = Release|Any CPU
	EndGlobalSection
	GlobalSection(ProjectConfigurationPlatforms) = postSolution
		{8CC27571-4780-454B-B875-9C12456E118A}.Debug|Any CPU.ActiveCfg = Debug|Any CPU
		{8CC27571-4780-454B-B875-9C12456E118A}.Debug|Any CPU.Build.0 = Debug|Any CPU
		{8CC27571-4780-454B-B875-9C12456E118A}.Release|Any CPU.ActiveCfg = Release|Any CPU
		{8CC27571-4780-454B-B875-9C12456E118A}.Release|Any CPU.Build.0 = Release|Any CPU
		{40AACD34-86E5-47CE-B46A-B429FFBEC01A}.Debug|Any CPU.ActiveCfg = Debug|Any CPU
		{40AACD34-86E5-47CE-B46A-B429FFBEC01A}.Debug|Any CPU.Build.0 = Debug|Any CPU
		{40AACD34-86E5-47CE-B46A-B429FFBEC01A}.Release|Any CPU.ActiveCfg = Release|Any CPU
		{40AACD34-86E5-47CE-B46A-B429FFBEC01A}.Release|Any CPU.Build.0 = Release|Any CPU
		{E1A2464B-5194-4452-8738-F1095AC4B767}.Debug|Any CPU.ActiveCfg = Debug|Any CPU
		{E1A2464B-5194-4452-8738-F1095AC4B767}.Debug|Any CPU.Build.0 = Debug|Any CPU
		{E1A2464B-5194-4452-8738-F1095AC4B767}.Release|Any CPU.ActiveCfg = Release|Any CPU
		{E1A2464B-5194-4452-8738-F1095AC4B767}.Release|Any CPU.Build.0 = Release|Any CPU
	EndGlobalSection
	GlobalSection(SolutionProperties) = preSolution
		HideSolutionNode = FALSE
	EndGlobalSection
	GlobalSection(ExtensibilityGlobals) = postSolution
		SolutionGuid = {AE822FFE-F1DE-431A-8885-D4928BC003EC}
	EndGlobalSection
EndGlobal
